
Microsoft Visual Studio Solution File, Format Version 12.00
# Visual Studio Version 16
VisualStudioVersion = 16.0.31025.194
MinimumVisualStudioVersion = 10.0.40219.1
Project("{FAE04EC0-301F-11D3-BF4B-00C04F79EFBC}") = "webAppAddValidationBurgett", "webAppAddValidationBurgett.csproj", "{6B4C7DE6-7423-4B02-87AB-1C7D3F42E099}"
EndProject
Global
	GlobalSection(SolutionConfigurationPlatforms) = preSolution
		Debug|Any CPU = Debug|Any CPU
		Release|Any CPU = Release|Any CPU
	EndGlobalSection
	GlobalSection(ProjectConfigurationPlatforms) = postSolution
		{6B4C7DE6-7423-4B02-87AB-1C7D3F42E099}.Debug|Any CPU.ActiveCfg = Debug|Any CPU
		{6B4C7DE6-7423-4B02-87AB-1C7D3F42E099}.Debug|Any CPU.Build.0 = Debug|Any CPU
		{6B4C7DE6-7423-4B02-87AB-1C7D3F42E099}.Release|Any CPU.ActiveCfg = Release|Any CPU
		{6B4C7DE6-7423-4B02-87AB-1C7D3F42E099}.Release|Any CPU.Build.0 = Release|Any CPU
	EndGlobalSection
	GlobalSection(SolutionProperties) = preSolution
		HideSolutionNode = FALSE
	EndGlobalSection
	GlobalSection(ExtensibilityGlobals) = postSolution
		SolutionGuid = {52A77EA5-5F37-4346-9A42-F56CF32D9B32}
	EndGlobalSection
EndGlobal
