
Microsoft Visual Studio Solution File, Format Version 12.00
# Visual Studio Version 16
VisualStudioVersion = 16.0.31025.194
MinimumVisualStudioVersion = 10.0.40219.1
Project("{FAE04EC0-301F-11D3-BF4B-00C04F79EFBC}") = "ticketingBurgett", "ticketingBurgett.csproj", "{2DE21B64-340D-48C3-8BB9-78895F42E618}"
EndProject
Project("{FAE04EC0-301F-11D3-BF4B-00C04F79EFBC}") = "TicketScheduleTests", "..\TicketScheduleTests\TicketScheduleTests.csproj", "{DB86AFD0-9E10-4E8E-B129-30E057F3D83C}"
EndProject
Global
	GlobalSection(SolutionConfigurationPlatforms) = preSolution
		Debug|Any CPU = Debug|Any CPU
		Release|Any CPU = Release|Any CPU
	EndGlobalSection
	GlobalSection(ProjectConfigurationPlatforms) = postSolution
		{2DE21B64-340D-48C3-8BB9-78895F42E618}.Debug|Any CPU.ActiveCfg = Debug|Any CPU
		{2DE21B64-340D-48C3-8BB9-78895F42E618}.Debug|Any CPU.Build.0 = Debug|Any CPU
		{2DE21B64-340D-48C3-8BB9-78895F42E618}.Release|Any CPU.ActiveCfg = Release|Any CPU
		{2DE21B64-340D-48C3-8BB9-78895F42E618}.Release|Any CPU.Build.0 = Release|Any CPU
		{DB86AFD0-9E10-4E8E-B129-30E057F3D83C}.Debug|Any CPU.ActiveCfg = Debug|Any CPU
		{DB86AFD0-9E10-4E8E-B129-30E057F3D83C}.Debug|Any CPU.Build.0 = Debug|Any CPU
		{DB86AFD0-9E10-4E8E-B129-30E057F3D83C}.Release|Any CPU.ActiveCfg = Release|Any CPU
		{DB86AFD0-9E10-4E8E-B129-30E057F3D83C}.Release|Any CPU.Build.0 = Release|Any CPU
	EndGlobalSection
	GlobalSection(SolutionProperties) = preSolution
		HideSolutionNode = FALSE
	EndGlobalSection
	GlobalSection(ExtensibilityGlobals) = postSolution
		SolutionGuid = {2B9142A4-FFB3-44EC-ADC0-14FF23060332}
	EndGlobalSection
EndGlobal
