
Microsoft Visual Studio Solution File, Format Version 12.00
# Visual Studio Version 16
VisualStudioVersion = 16.0.31019.35
MinimumVisualStudioVersion = 10.0.40219.1
Project("{FAE04EC0-301F-11D3-BF4B-00C04F79EFBC}") = "dataTranferBurgett", "dataTranferBurgett.csproj", "{C691089F-BF1E-4F97-A172-462999C85F70}"
EndProject
Global
	GlobalSection(SolutionConfigurationPlatforms) = preSolution
		Debug|Any CPU = Debug|Any CPU
		Release|Any CPU = Release|Any CPU
	EndGlobalSection
	GlobalSection(ProjectConfigurationPlatforms) = postSolution
		{C691089F-BF1E-4F97-A172-462999C85F70}.Debug|Any CPU.ActiveCfg = Debug|Any CPU
		{C691089F-BF1E-4F97-A172-462999C85F70}.Debug|Any CPU.Build.0 = Debug|Any CPU
		{C691089F-BF1E-4F97-A172-462999C85F70}.Release|Any CPU.ActiveCfg = Release|Any CPU
		{C691089F-BF1E-4F97-A172-462999C85F70}.Release|Any CPU.Build.0 = Release|Any CPU
	EndGlobalSection
	GlobalSection(SolutionProperties) = preSolution
		HideSolutionNode = FALSE
	EndGlobalSection
	GlobalSection(ExtensibilityGlobals) = postSolution
		SolutionGuid = {51F4D490-027D-4B4D-AF75-DF4200A71D26}
	EndGlobalSection
EndGlobal
